
Microsoft Visual Studio Solution File, Format Version 12.00
Project("{FAE04EC0-301F-11D3-BF4B-00C04F79EFBC}") = "Task2", "Task2\Task2.csproj", "{74F3BDF4-9A0A-4FDF-B04A-F2086B82335A}"
EndProject
Project("{FAE04EC0-301F-11D3-BF4B-00C04F79EFBC}") = "Task1", "Task1\Task1.csproj", "{59666443-8C6B-447D-B338-37D38DBFDB72}"
EndProject
Project("{FAE04EC0-301F-11D3-BF4B-00C04F79EFBC}") = "Task3", "Task3\Task3.csproj", "{374F1A1B-7C88-48D8-92D4-2B5505F9916A}"
EndProject
Project("{FAE04EC0-301F-11D3-BF4B-00C04F79EFBC}") = "Task4", "Task4\Task4.csproj", "{974DF876-7DD6-483E-BE26-AF67842A93D5}"
EndProject
Project("{FAE04EC0-301F-11D3-BF4B-00C04F79EFBC}") = "Task5", "Task5\Task5.csproj", "{05344705-BCD2-4260-AEAF-C2653438F4EA}"
EndProject
Project("{FAE04EC0-301F-11D3-BF4B-00C04F79EFBC}") = "Task6", "Task6\Task6.csproj", "{DE8FA5DE-AAF5-407F-934D-9AFCF604EB12}"
EndProject
Project("{2150E333-8FDC-42A3-9474-1A3956D46DE8}") = "Practice1", "Practice1", "{D0EFDDEE-F087-4EAA-801B-609688E34647}"
EndProject
Project("{2150E333-8FDC-42A3-9474-1A3956D46DE8}") = "Practice2", "Practice2", "{A8A531A7-E7BC-4401-8667-5F5EAF845370}"
EndProject
Project("{FAE04EC0-301F-11D3-BF4B-00C04F79EFBC}") = "Practice2.Task1", "Practice2.Task1\Practice2.Task1.csproj", "{ED2A708A-9998-4938-BE3B-FF784F630B45}"
EndProject
Project("{FAE04EC0-301F-11D3-BF4B-00C04F79EFBC}") = "Practice2.Tack2", "Practice2.Tack2\Practice2.Tack2.csproj", "{DA69C604-0AEC-4F91-912D-3916C9BE8758}"
EndProject
Project("{FAE04EC0-301F-11D3-BF4B-00C04F79EFBC}") = "Practice2.Task3", "Practice2.Task3\Practice2.Task3.csproj", "{85C63E50-1C53-4044-B056-326558C8501C}"
EndProject
Project("{FAE04EC0-301F-11D3-BF4B-00C04F79EFBC}") = "Practice2.Task4", "Practice2.Task4\Practice2.Task4.csproj", "{4118FA69-6754-4E5D-9191-A59872C5A99A}"
EndProject
Project("{FAE04EC0-301F-11D3-BF4B-00C04F79EFBC}") = "Practice2.Task5", "Practice2.Task5\Practice2.Task5.csproj", "{995142A4-DAAF-4FB0-9DD9-BD0DEAD6178E}"
EndProject
Project("{FAE04EC0-301F-11D3-BF4B-00C04F79EFBC}") = "Practice2.Task6", "Practice2.Task6\Practice2.Task6.csproj", "{8A919289-749B-4554-B41E-F0CD0C16002B}"
EndProject
Project("{FAE04EC0-301F-11D3-BF4B-00C04F79EFBC}") = "Practice2.Task7", "Practice2.Task7\Practice2.Task7.csproj", "{13F6C0B8-7778-4AF5-BB8B-CE4897EA9036}"
EndProject
Project("{FAE04EC0-301F-11D3-BF4B-00C04F79EFBC}") = "Practice2.Task8", "Practice2.Task8\Practice2.Task8.csproj", "{213CC21C-48A3-43F7-9383-30CA50AEC694}"
EndProject
Project("{FAE04EC0-301F-11D3-BF4B-00C04F79EFBC}") = "Practice2.Task9", "Practice2.Task9\Practice2.Task9.csproj", "{49B7F424-6D9B-4252-8CE0-D6C4388841F9}"
EndProject
Project("{FAE04EC0-301F-11D3-BF4B-00C04F79EFBC}") = "Practice2.Task10", "Practice2.Task10\Practice2.Task10.csproj", "{32A1A4C8-2721-4DD4-84C3-0E6067A4D984}"
EndProject
Project("{FAE04EC0-301F-11D3-BF4B-00C04F79EFBC}") = "Practice2.Task11", "Practice2.Task11\Practice2.Task11.csproj", "{295021BD-03E3-4D41-BBC2-384AB81947E5}"
EndProject
Project("{FAE04EC0-301F-11D3-BF4B-00C04F79EFBC}") = "Practice2.Task12", "Practice2.Task12\Practice2.Task12.csproj", "{FA0D9C91-145B-4374-9A69-C30D575E6234}"
EndProject
Project("{FAE04EC0-301F-11D3-BF4B-00C04F79EFBC}") = "Practice2.Task13", "Practice2.Task13\Practice2.Task13.csproj", "{A34D1DA7-9713-4F83-81E6-DE5AC138FF50}"
EndProject
Project("{FAE04EC0-301F-11D3-BF4B-00C04F79EFBC}") = "Practice2.Task14", "Practice2.Task14\Practice2.Task14.csproj", "{64A0CD92-E943-4AE9-96D1-C06C30E5F6EE}"
EndProject
Project("{FAE04EC0-301F-11D3-BF4B-00C04F79EFBC}") = "Practice2.Task15", "Practice2.Task15\Practice2.Task15.csproj", "{5CFFBFC3-37B3-48D0-A5A9-E3FEE00B8D09}"
EndProject
Project("{FAE04EC0-301F-11D3-BF4B-00C04F79EFBC}") = "Practice2.Task16", "Practice2.Task16\Practice2.Task16.csproj", "{88F27CD8-BBC0-4E86-832B-64C222B0B9B8}"
EndProject
Project("{FAE04EC0-301F-11D3-BF4B-00C04F79EFBC}") = "Practice2.Task17", "Practice2.Task17\Practice2.Task17.csproj", "{1E740B5A-D770-447D-9376-8B7A432323EF}"
EndProject
Project("{FAE04EC0-301F-11D3-BF4B-00C04F79EFBC}") = "Practice2.Task18", "Practice2.Task18\Practice2.Task18.csproj", "{411851BA-7B0D-4B9D-8068-7510EF7B961B}"
EndProject
Project("{FAE04EC0-301F-11D3-BF4B-00C04F79EFBC}") = "Practice2.Task19", "Practice2.Task19\Practice2.Task19.csproj", "{8383B1D2-DA0E-4EB3-AC7E-636376750D6C}"
EndProject
Project("{FAE04EC0-301F-11D3-BF4B-00C04F79EFBC}") = "Practice2.Task20", "Practice2.Task20\Practice2.Task20.csproj", "{E31B37DA-4AC1-43D0-8C50-2D4C7C2B2759}"
EndProject
Project("{FAE04EC0-301F-11D3-BF4B-00C04F79EFBC}") = "Practice2.Task21", "Practice2.Task21\Practice2.Task21.csproj", "{387EEFB8-8959-408A-A451-935389EAC114}"
EndProject
Project("{FAE04EC0-301F-11D3-BF4B-00C04F79EFBC}") = "Practice2.Task22", "Practice2.Task22\Practice2.Task22.csproj", "{C27B978E-7B55-4EDC-835B-2748AB739FC6}"
EndProject
Project("{FAE04EC0-301F-11D3-BF4B-00C04F79EFBC}") = "Practice2.Task23", "Practice2.Task23\Practice2.Task23.csproj", "{030F4EA5-EC67-48A4-B709-80D7B8628FC7}"
EndProject
Project("{FAE04EC0-301F-11D3-BF4B-00C04F79EFBC}") = "Practice2.Task24", "Practice2.Task24\Practice2.Task24.csproj", "{AB074950-0444-4859-8244-2E8A4E6855FE}"
EndProject
Project("{FAE04EC0-301F-11D3-BF4B-00C04F79EFBC}") = "Practice2.Task25", "Practice2.Task25\Practice2.Task25.csproj", "{0FB1E8E7-1302-4F2D-91EE-4A858DC3084F}"
EndProject
Project("{2150E333-8FDC-42A3-9474-1A3956D46DE8}") = "Practice3", "Practice3", "{07075EFD-0BC0-4930-8376-C42D97277962}"
EndProject
Project("{FAE04EC0-301F-11D3-BF4B-00C04F79EFBC}") = "Practice3.Task1", "Practice3.Task1\Practice3.Task1.csproj", "{C8E82BB6-04D2-4D1D-A17D-656C32F07FE3}"
EndProject
Project("{FAE04EC0-301F-11D3-BF4B-00C04F79EFBC}") = "Practice3.Task2", "Practice3.Task2\Practice3.Task2.csproj", "{50353330-004E-45AD-8D0F-D6EEF5787BCC}"
EndProject
Project("{FAE04EC0-301F-11D3-BF4B-00C04F79EFBC}") = "Practice3.Task3", "Practice3.Task3\Practice3.Task3.csproj", "{548AD4EB-9D90-4FEA-8706-B6535C6904DA}"
EndProject
Project("{FAE04EC0-301F-11D3-BF4B-00C04F79EFBC}") = "Practice3.Task4", "Practice3.Task4\Practice3.Task4.csproj", "{5B645AAC-4726-44EF-83F1-0362514CDC9B}"
EndProject
Project("{FAE04EC0-301F-11D3-BF4B-00C04F79EFBC}") = "Practice3.Task5", "Practice3.Task5\Practice3.Task5.csproj", "{A3743ABB-2A34-4D03-8C1C-529E87E804B9}"
EndProject
Project("{FAE04EC0-301F-11D3-BF4B-00C04F79EFBC}") = "Practice3.Task6", "Practice3.Task6\Practice3.Task6.csproj", "{4F069F41-C9FA-40D6-B941-FA536716C8B7}"
EndProject
Project("{FAE04EC0-301F-11D3-BF4B-00C04F79EFBC}") = "Practice3.Task7", "Practice3.Task7\Practice3.Task7.csproj", "{CA14AD51-BF13-43A6-868D-0A155BDC546A}"
EndProject
Project("{FAE04EC0-301F-11D3-BF4B-00C04F79EFBC}") = "Practice3.Task8", "Practice3.Task8\Practice3.Task8.csproj", "{B621DE8B-0834-4D6D-BCD4-A9070F0EEF36}"
EndProject
Project("{FAE04EC0-301F-11D3-BF4B-00C04F79EFBC}") = "Practice3.Task9", "Practice3.Task9\Practice3.Task9.csproj", "{996B8627-3411-4FC2-A346-A1F8D4C66A5D}"
EndProject
Project("{FAE04EC0-301F-11D3-BF4B-00C04F79EFBC}") = "Practice3.Task10", "Practice3.Task10\Practice3.Task10.csproj", "{AEDAB1F8-8E99-4C10-9651-C56F4DCD30D7}"
EndProject
Project("{FAE04EC0-301F-11D3-BF4B-00C04F79EFBC}") = "Practice3.Task11", "Practice3.Task11\Practice3.Task11.csproj", "{0E785961-644B-47A5-B833-6CFB5CF3CF05}"
EndProject
Project("{FAE04EC0-301F-11D3-BF4B-00C04F79EFBC}") = "MathHelperLibrary", "MathHelperLibrary\MathHelperLibrary.csproj", "{167EB6BE-1550-4067-9512-E20B3ED197D2}"
EndProject
Project("{2150E333-8FDC-42A3-9474-1A3956D46DE8}") = "Practice4", "Practice4", "{81B35503-2F46-4306-B64D-9F5E2B9DFB1E}"
EndProject
Project("{FAE04EC0-301F-11D3-BF4B-00C04F79EFBC}") = "Practice4.Task1", "Practice4.Task1\Practice4.Task1.csproj", "{697511EC-41ED-4B06-B22B-0285045EB0D0}"
EndProject
Project("{FAE04EC0-301F-11D3-BF4B-00C04F79EFBC}") = "PersonLibrary", "PersonLibrary\PersonLibrary.csproj", "{80D3816C-DBCB-44D7-8C77-28FD5E63B697}"
EndProject
Project("{FAE04EC0-301F-11D3-BF4B-00C04F79EFBC}") = "Practice4.Task2", "Practice4.Task2\Practice4.Task2.csproj", "{37A1E220-2E54-4C1B-9796-BAAC3EB6152D}"
EndProject
Project("{2150E333-8FDC-42A3-9474-1A3956D46DE8}") = "Practice5", "Practice5", "{E15C4688-FDB6-41AD-8F01-94C8BD610CE7}"
EndProject
Project("{FAE04EC0-301F-11D3-BF4B-00C04F79EFBC}") = "Practice5.Task1", "Practice5.Task1\Practice5.Task1.csproj", "{61091C2A-D1E0-4F99-A308-E4A24611A5CB}"
EndProject
Project("{FAE04EC0-301F-11D3-BF4B-00C04F79EFBC}") = "LoggerLibrary", "LoggerLibrary\LoggerLibrary.csproj", "{4EBC5C8B-6377-4139-9B5A-D9C48A8456EB}"
EndProject
Global
	GlobalSection(SolutionConfigurationPlatforms) = preSolution
		Debug|Any CPU = Debug|Any CPU
		Release|Any CPU = Release|Any CPU
	EndGlobalSection
	GlobalSection(ProjectConfigurationPlatforms) = postSolution
		{74F3BDF4-9A0A-4FDF-B04A-F2086B82335A}.Debug|Any CPU.ActiveCfg = Debug|Any CPU
		{74F3BDF4-9A0A-4FDF-B04A-F2086B82335A}.Debug|Any CPU.Build.0 = Debug|Any CPU
		{74F3BDF4-9A0A-4FDF-B04A-F2086B82335A}.Release|Any CPU.ActiveCfg = Release|Any CPU
		{74F3BDF4-9A0A-4FDF-B04A-F2086B82335A}.Release|Any CPU.Build.0 = Release|Any CPU
		{59666443-8C6B-447D-B338-37D38DBFDB72}.Debug|Any CPU.ActiveCfg = Debug|Any CPU
		{59666443-8C6B-447D-B338-37D38DBFDB72}.Debug|Any CPU.Build.0 = Debug|Any CPU
		{59666443-8C6B-447D-B338-37D38DBFDB72}.Release|Any CPU.ActiveCfg = Release|Any CPU
		{59666443-8C6B-447D-B338-37D38DBFDB72}.Release|Any CPU.Build.0 = Release|Any CPU
		{374F1A1B-7C88-48D8-92D4-2B5505F9916A}.Debug|Any CPU.ActiveCfg = Debug|Any CPU
		{374F1A1B-7C88-48D8-92D4-2B5505F9916A}.Debug|Any CPU.Build.0 = Debug|Any CPU
		{374F1A1B-7C88-48D8-92D4-2B5505F9916A}.Release|Any CPU.ActiveCfg = Release|Any CPU
		{374F1A1B-7C88-48D8-92D4-2B5505F9916A}.Release|Any CPU.Build.0 = Release|Any CPU
		{974DF876-7DD6-483E-BE26-AF67842A93D5}.Debug|Any CPU.ActiveCfg = Debug|Any CPU
		{974DF876-7DD6-483E-BE26-AF67842A93D5}.Debug|Any CPU.Build.0 = Debug|Any CPU
		{974DF876-7DD6-483E-BE26-AF67842A93D5}.Release|Any CPU.ActiveCfg = Release|Any CPU
		{974DF876-7DD6-483E-BE26-AF67842A93D5}.Release|Any CPU.Build.0 = Release|Any CPU
		{05344705-BCD2-4260-AEAF-C2653438F4EA}.Debug|Any CPU.ActiveCfg = Debug|Any CPU
		{05344705-BCD2-4260-AEAF-C2653438F4EA}.Debug|Any CPU.Build.0 = Debug|Any CPU
		{05344705-BCD2-4260-AEAF-C2653438F4EA}.Release|Any CPU.ActiveCfg = Release|Any CPU
		{05344705-BCD2-4260-AEAF-C2653438F4EA}.Release|Any CPU.Build.0 = Release|Any CPU
		{DE8FA5DE-AAF5-407F-934D-9AFCF604EB12}.Debug|Any CPU.ActiveCfg = Debug|Any CPU
		{DE8FA5DE-AAF5-407F-934D-9AFCF604EB12}.Debug|Any CPU.Build.0 = Debug|Any CPU
		{DE8FA5DE-AAF5-407F-934D-9AFCF604EB12}.Release|Any CPU.ActiveCfg = Release|Any CPU
		{DE8FA5DE-AAF5-407F-934D-9AFCF604EB12}.Release|Any CPU.Build.0 = Release|Any CPU
		{ED2A708A-9998-4938-BE3B-FF784F630B45}.Debug|Any CPU.ActiveCfg = Debug|Any CPU
		{ED2A708A-9998-4938-BE3B-FF784F630B45}.Debug|Any CPU.Build.0 = Debug|Any CPU
		{ED2A708A-9998-4938-BE3B-FF784F630B45}.Release|Any CPU.ActiveCfg = Release|Any CPU
		{ED2A708A-9998-4938-BE3B-FF784F630B45}.Release|Any CPU.Build.0 = Release|Any CPU
		{DA69C604-0AEC-4F91-912D-3916C9BE8758}.Debug|Any CPU.ActiveCfg = Debug|Any CPU
		{DA69C604-0AEC-4F91-912D-3916C9BE8758}.Debug|Any CPU.Build.0 = Debug|Any CPU
		{DA69C604-0AEC-4F91-912D-3916C9BE8758}.Release|Any CPU.ActiveCfg = Release|Any CPU
		{DA69C604-0AEC-4F91-912D-3916C9BE8758}.Release|Any CPU.Build.0 = Release|Any CPU
		{85C63E50-1C53-4044-B056-326558C8501C}.Debug|Any CPU.ActiveCfg = Debug|Any CPU
		{85C63E50-1C53-4044-B056-326558C8501C}.Debug|Any CPU.Build.0 = Debug|Any CPU
		{85C63E50-1C53-4044-B056-326558C8501C}.Release|Any CPU.ActiveCfg = Release|Any CPU
		{85C63E50-1C53-4044-B056-326558C8501C}.Release|Any CPU.Build.0 = Release|Any CPU
		{4118FA69-6754-4E5D-9191-A59872C5A99A}.Debug|Any CPU.ActiveCfg = Debug|Any CPU
		{4118FA69-6754-4E5D-9191-A59872C5A99A}.Debug|Any CPU.Build.0 = Debug|Any CPU
		{4118FA69-6754-4E5D-9191-A59872C5A99A}.Release|Any CPU.ActiveCfg = Release|Any CPU
		{4118FA69-6754-4E5D-9191-A59872C5A99A}.Release|Any CPU.Build.0 = Release|Any CPU
		{995142A4-DAAF-4FB0-9DD9-BD0DEAD6178E}.Debug|Any CPU.ActiveCfg = Debug|Any CPU
		{995142A4-DAAF-4FB0-9DD9-BD0DEAD6178E}.Debug|Any CPU.Build.0 = Debug|Any CPU
		{995142A4-DAAF-4FB0-9DD9-BD0DEAD6178E}.Release|Any CPU.ActiveCfg = Release|Any CPU
		{995142A4-DAAF-4FB0-9DD9-BD0DEAD6178E}.Release|Any CPU.Build.0 = Release|Any CPU
		{8A919289-749B-4554-B41E-F0CD0C16002B}.Debug|Any CPU.ActiveCfg = Debug|Any CPU
		{8A919289-749B-4554-B41E-F0CD0C16002B}.Debug|Any CPU.Build.0 = Debug|Any CPU
		{8A919289-749B-4554-B41E-F0CD0C16002B}.Release|Any CPU.ActiveCfg = Release|Any CPU
		{8A919289-749B-4554-B41E-F0CD0C16002B}.Release|Any CPU.Build.0 = Release|Any CPU
		{13F6C0B8-7778-4AF5-BB8B-CE4897EA9036}.Debug|Any CPU.ActiveCfg = Debug|Any CPU
		{13F6C0B8-7778-4AF5-BB8B-CE4897EA9036}.Debug|Any CPU.Build.0 = Debug|Any CPU
		{13F6C0B8-7778-4AF5-BB8B-CE4897EA9036}.Release|Any CPU.ActiveCfg = Release|Any CPU
		{13F6C0B8-7778-4AF5-BB8B-CE4897EA9036}.Release|Any CPU.Build.0 = Release|Any CPU
		{213CC21C-48A3-43F7-9383-30CA50AEC694}.Debug|Any CPU.ActiveCfg = Debug|Any CPU
		{213CC21C-48A3-43F7-9383-30CA50AEC694}.Debug|Any CPU.Build.0 = Debug|Any CPU
		{213CC21C-48A3-43F7-9383-30CA50AEC694}.Release|Any CPU.ActiveCfg = Release|Any CPU
		{213CC21C-48A3-43F7-9383-30CA50AEC694}.Release|Any CPU.Build.0 = Release|Any CPU
		{49B7F424-6D9B-4252-8CE0-D6C4388841F9}.Debug|Any CPU.ActiveCfg = Debug|Any CPU
		{49B7F424-6D9B-4252-8CE0-D6C4388841F9}.Debug|Any CPU.Build.0 = Debug|Any CPU
		{49B7F424-6D9B-4252-8CE0-D6C4388841F9}.Release|Any CPU.ActiveCfg = Release|Any CPU
		{49B7F424-6D9B-4252-8CE0-D6C4388841F9}.Release|Any CPU.Build.0 = Release|Any CPU
		{32A1A4C8-2721-4DD4-84C3-0E6067A4D984}.Debug|Any CPU.ActiveCfg = Debug|Any CPU
		{32A1A4C8-2721-4DD4-84C3-0E6067A4D984}.Debug|Any CPU.Build.0 = Debug|Any CPU
		{32A1A4C8-2721-4DD4-84C3-0E6067A4D984}.Release|Any CPU.ActiveCfg = Release|Any CPU
		{32A1A4C8-2721-4DD4-84C3-0E6067A4D984}.Release|Any CPU.Build.0 = Release|Any CPU
		{295021BD-03E3-4D41-BBC2-384AB81947E5}.Debug|Any CPU.ActiveCfg = Debug|Any CPU
		{295021BD-03E3-4D41-BBC2-384AB81947E5}.Debug|Any CPU.Build.0 = Debug|Any CPU
		{295021BD-03E3-4D41-BBC2-384AB81947E5}.Release|Any CPU.ActiveCfg = Release|Any CPU
		{295021BD-03E3-4D41-BBC2-384AB81947E5}.Release|Any CPU.Build.0 = Release|Any CPU
		{FA0D9C91-145B-4374-9A69-C30D575E6234}.Debug|Any CPU.ActiveCfg = Debug|Any CPU
		{FA0D9C91-145B-4374-9A69-C30D575E6234}.Debug|Any CPU.Build.0 = Debug|Any CPU
		{FA0D9C91-145B-4374-9A69-C30D575E6234}.Release|Any CPU.ActiveCfg = Release|Any CPU
		{FA0D9C91-145B-4374-9A69-C30D575E6234}.Release|Any CPU.Build.0 = Release|Any CPU
		{A34D1DA7-9713-4F83-81E6-DE5AC138FF50}.Debug|Any CPU.ActiveCfg = Debug|Any CPU
		{A34D1DA7-9713-4F83-81E6-DE5AC138FF50}.Debug|Any CPU.Build.0 = Debug|Any CPU
		{A34D1DA7-9713-4F83-81E6-DE5AC138FF50}.Release|Any CPU.ActiveCfg = Release|Any CPU
		{A34D1DA7-9713-4F83-81E6-DE5AC138FF50}.Release|Any CPU.Build.0 = Release|Any CPU
		{64A0CD92-E943-4AE9-96D1-C06C30E5F6EE}.Debug|Any CPU.ActiveCfg = Debug|Any CPU
		{64A0CD92-E943-4AE9-96D1-C06C30E5F6EE}.Debug|Any CPU.Build.0 = Debug|Any CPU
		{64A0CD92-E943-4AE9-96D1-C06C30E5F6EE}.Release|Any CPU.ActiveCfg = Release|Any CPU
		{64A0CD92-E943-4AE9-96D1-C06C30E5F6EE}.Release|Any CPU.Build.0 = Release|Any CPU
		{5CFFBFC3-37B3-48D0-A5A9-E3FEE00B8D09}.Debug|Any CPU.ActiveCfg = Debug|Any CPU
		{5CFFBFC3-37B3-48D0-A5A9-E3FEE00B8D09}.Debug|Any CPU.Build.0 = Debug|Any CPU
		{5CFFBFC3-37B3-48D0-A5A9-E3FEE00B8D09}.Release|Any CPU.ActiveCfg = Release|Any CPU
		{5CFFBFC3-37B3-48D0-A5A9-E3FEE00B8D09}.Release|Any CPU.Build.0 = Release|Any CPU
		{88F27CD8-BBC0-4E86-832B-64C222B0B9B8}.Debug|Any CPU.ActiveCfg = Debug|Any CPU
		{88F27CD8-BBC0-4E86-832B-64C222B0B9B8}.Debug|Any CPU.Build.0 = Debug|Any CPU
		{88F27CD8-BBC0-4E86-832B-64C222B0B9B8}.Release|Any CPU.ActiveCfg = Release|Any CPU
		{88F27CD8-BBC0-4E86-832B-64C222B0B9B8}.Release|Any CPU.Build.0 = Release|Any CPU
		{1E740B5A-D770-447D-9376-8B7A432323EF}.Debug|Any CPU.ActiveCfg = Debug|Any CPU
		{1E740B5A-D770-447D-9376-8B7A432323EF}.Debug|Any CPU.Build.0 = Debug|Any CPU
		{1E740B5A-D770-447D-9376-8B7A432323EF}.Release|Any CPU.ActiveCfg = Release|Any CPU
		{1E740B5A-D770-447D-9376-8B7A432323EF}.Release|Any CPU.Build.0 = Release|Any CPU
		{411851BA-7B0D-4B9D-8068-7510EF7B961B}.Debug|Any CPU.ActiveCfg = Debug|Any CPU
		{411851BA-7B0D-4B9D-8068-7510EF7B961B}.Debug|Any CPU.Build.0 = Debug|Any CPU
		{411851BA-7B0D-4B9D-8068-7510EF7B961B}.Release|Any CPU.ActiveCfg = Release|Any CPU
		{411851BA-7B0D-4B9D-8068-7510EF7B961B}.Release|Any CPU.Build.0 = Release|Any CPU
		{8383B1D2-DA0E-4EB3-AC7E-636376750D6C}.Debug|Any CPU.ActiveCfg = Debug|Any CPU
		{8383B1D2-DA0E-4EB3-AC7E-636376750D6C}.Debug|Any CPU.Build.0 = Debug|Any CPU
		{8383B1D2-DA0E-4EB3-AC7E-636376750D6C}.Release|Any CPU.ActiveCfg = Release|Any CPU
		{8383B1D2-DA0E-4EB3-AC7E-636376750D6C}.Release|Any CPU.Build.0 = Release|Any CPU
		{E31B37DA-4AC1-43D0-8C50-2D4C7C2B2759}.Debug|Any CPU.ActiveCfg = Debug|Any CPU
		{E31B37DA-4AC1-43D0-8C50-2D4C7C2B2759}.Debug|Any CPU.Build.0 = Debug|Any CPU
		{E31B37DA-4AC1-43D0-8C50-2D4C7C2B2759}.Release|Any CPU.ActiveCfg = Release|Any CPU
		{E31B37DA-4AC1-43D0-8C50-2D4C7C2B2759}.Release|Any CPU.Build.0 = Release|Any CPU
		{387EEFB8-8959-408A-A451-935389EAC114}.Debug|Any CPU.ActiveCfg = Debug|Any CPU
		{387EEFB8-8959-408A-A451-935389EAC114}.Debug|Any CPU.Build.0 = Debug|Any CPU
		{387EEFB8-8959-408A-A451-935389EAC114}.Release|Any CPU.ActiveCfg = Release|Any CPU
		{387EEFB8-8959-408A-A451-935389EAC114}.Release|Any CPU.Build.0 = Release|Any CPU
		{C27B978E-7B55-4EDC-835B-2748AB739FC6}.Debug|Any CPU.ActiveCfg = Debug|Any CPU
		{C27B978E-7B55-4EDC-835B-2748AB739FC6}.Debug|Any CPU.Build.0 = Debug|Any CPU
		{C27B978E-7B55-4EDC-835B-2748AB739FC6}.Release|Any CPU.ActiveCfg = Release|Any CPU
		{C27B978E-7B55-4EDC-835B-2748AB739FC6}.Release|Any CPU.Build.0 = Release|Any CPU
		{030F4EA5-EC67-48A4-B709-80D7B8628FC7}.Debug|Any CPU.ActiveCfg = Debug|Any CPU
		{030F4EA5-EC67-48A4-B709-80D7B8628FC7}.Debug|Any CPU.Build.0 = Debug|Any CPU
		{030F4EA5-EC67-48A4-B709-80D7B8628FC7}.Release|Any CPU.ActiveCfg = Release|Any CPU
		{030F4EA5-EC67-48A4-B709-80D7B8628FC7}.Release|Any CPU.Build.0 = Release|Any CPU
		{AB074950-0444-4859-8244-2E8A4E6855FE}.Debug|Any CPU.ActiveCfg = Debug|Any CPU
		{AB074950-0444-4859-8244-2E8A4E6855FE}.Debug|Any CPU.Build.0 = Debug|Any CPU
		{AB074950-0444-4859-8244-2E8A4E6855FE}.Release|Any CPU.ActiveCfg = Release|Any CPU
		{AB074950-0444-4859-8244-2E8A4E6855FE}.Release|Any CPU.Build.0 = Release|Any CPU
		{0FB1E8E7-1302-4F2D-91EE-4A858DC3084F}.Debug|Any CPU.ActiveCfg = Debug|Any CPU
		{0FB1E8E7-1302-4F2D-91EE-4A858DC3084F}.Debug|Any CPU.Build.0 = Debug|Any CPU
		{0FB1E8E7-1302-4F2D-91EE-4A858DC3084F}.Release|Any CPU.ActiveCfg = Release|Any CPU
		{0FB1E8E7-1302-4F2D-91EE-4A858DC3084F}.Release|Any CPU.Build.0 = Release|Any CPU
		{C8E82BB6-04D2-4D1D-A17D-656C32F07FE3}.Debug|Any CPU.ActiveCfg = Debug|Any CPU
		{C8E82BB6-04D2-4D1D-A17D-656C32F07FE3}.Debug|Any CPU.Build.0 = Debug|Any CPU
		{C8E82BB6-04D2-4D1D-A17D-656C32F07FE3}.Release|Any CPU.ActiveCfg = Release|Any CPU
		{C8E82BB6-04D2-4D1D-A17D-656C32F07FE3}.Release|Any CPU.Build.0 = Release|Any CPU
		{50353330-004E-45AD-8D0F-D6EEF5787BCC}.Debug|Any CPU.ActiveCfg = Debug|Any CPU
		{50353330-004E-45AD-8D0F-D6EEF5787BCC}.Debug|Any CPU.Build.0 = Debug|Any CPU
		{50353330-004E-45AD-8D0F-D6EEF5787BCC}.Release|Any CPU.ActiveCfg = Release|Any CPU
		{50353330-004E-45AD-8D0F-D6EEF5787BCC}.Release|Any CPU.Build.0 = Release|Any CPU
		{548AD4EB-9D90-4FEA-8706-B6535C6904DA}.Debug|Any CPU.ActiveCfg = Debug|Any CPU
		{548AD4EB-9D90-4FEA-8706-B6535C6904DA}.Debug|Any CPU.Build.0 = Debug|Any CPU
		{548AD4EB-9D90-4FEA-8706-B6535C6904DA}.Release|Any CPU.ActiveCfg = Release|Any CPU
		{548AD4EB-9D90-4FEA-8706-B6535C6904DA}.Release|Any CPU.Build.0 = Release|Any CPU
		{5B645AAC-4726-44EF-83F1-0362514CDC9B}.Debug|Any CPU.ActiveCfg = Debug|Any CPU
		{5B645AAC-4726-44EF-83F1-0362514CDC9B}.Debug|Any CPU.Build.0 = Debug|Any CPU
		{5B645AAC-4726-44EF-83F1-0362514CDC9B}.Release|Any CPU.ActiveCfg = Release|Any CPU
		{5B645AAC-4726-44EF-83F1-0362514CDC9B}.Release|Any CPU.Build.0 = Release|Any CPU
		{A3743ABB-2A34-4D03-8C1C-529E87E804B9}.Debug|Any CPU.ActiveCfg = Debug|Any CPU
		{A3743ABB-2A34-4D03-8C1C-529E87E804B9}.Debug|Any CPU.Build.0 = Debug|Any CPU
		{A3743ABB-2A34-4D03-8C1C-529E87E804B9}.Release|Any CPU.ActiveCfg = Release|Any CPU
		{A3743ABB-2A34-4D03-8C1C-529E87E804B9}.Release|Any CPU.Build.0 = Release|Any CPU
		{4F069F41-C9FA-40D6-B941-FA536716C8B7}.Debug|Any CPU.ActiveCfg = Debug|Any CPU
		{4F069F41-C9FA-40D6-B941-FA536716C8B7}.Debug|Any CPU.Build.0 = Debug|Any CPU
		{4F069F41-C9FA-40D6-B941-FA536716C8B7}.Release|Any CPU.ActiveCfg = Release|Any CPU
		{4F069F41-C9FA-40D6-B941-FA536716C8B7}.Release|Any CPU.Build.0 = Release|Any CPU
		{CA14AD51-BF13-43A6-868D-0A155BDC546A}.Debug|Any CPU.ActiveCfg = Debug|Any CPU
		{CA14AD51-BF13-43A6-868D-0A155BDC546A}.Debug|Any CPU.Build.0 = Debug|Any CPU
		{CA14AD51-BF13-43A6-868D-0A155BDC546A}.Release|Any CPU.ActiveCfg = Release|Any CPU
		{CA14AD51-BF13-43A6-868D-0A155BDC546A}.Release|Any CPU.Build.0 = Release|Any CPU
		{B621DE8B-0834-4D6D-BCD4-A9070F0EEF36}.Debug|Any CPU.ActiveCfg = Debug|Any CPU
		{B621DE8B-0834-4D6D-BCD4-A9070F0EEF36}.Debug|Any CPU.Build.0 = Debug|Any CPU
		{B621DE8B-0834-4D6D-BCD4-A9070F0EEF36}.Release|Any CPU.ActiveCfg = Release|Any CPU
		{B621DE8B-0834-4D6D-BCD4-A9070F0EEF36}.Release|Any CPU.Build.0 = Release|Any CPU
		{996B8627-3411-4FC2-A346-A1F8D4C66A5D}.Debug|Any CPU.ActiveCfg = Debug|Any CPU
		{996B8627-3411-4FC2-A346-A1F8D4C66A5D}.Debug|Any CPU.Build.0 = Debug|Any CPU
		{996B8627-3411-4FC2-A346-A1F8D4C66A5D}.Release|Any CPU.ActiveCfg = Release|Any CPU
		{996B8627-3411-4FC2-A346-A1F8D4C66A5D}.Release|Any CPU.Build.0 = Release|Any CPU
		{AEDAB1F8-8E99-4C10-9651-C56F4DCD30D7}.Debug|Any CPU.ActiveCfg = Debug|Any CPU
		{AEDAB1F8-8E99-4C10-9651-C56F4DCD30D7}.Debug|Any CPU.Build.0 = Debug|Any CPU
		{AEDAB1F8-8E99-4C10-9651-C56F4DCD30D7}.Release|Any CPU.ActiveCfg = Release|Any CPU
		{AEDAB1F8-8E99-4C10-9651-C56F4DCD30D7}.Release|Any CPU.Build.0 = Release|Any CPU
		{0E785961-644B-47A5-B833-6CFB5CF3CF05}.Debug|Any CPU.ActiveCfg = Debug|Any CPU
		{0E785961-644B-47A5-B833-6CFB5CF3CF05}.Debug|Any CPU.Build.0 = Debug|Any CPU
		{0E785961-644B-47A5-B833-6CFB5CF3CF05}.Release|Any CPU.ActiveCfg = Release|Any CPU
		{0E785961-644B-47A5-B833-6CFB5CF3CF05}.Release|Any CPU.Build.0 = Release|Any CPU
		{167EB6BE-1550-4067-9512-E20B3ED197D2}.Debug|Any CPU.ActiveCfg = Debug|Any CPU
		{167EB6BE-1550-4067-9512-E20B3ED197D2}.Debug|Any CPU.Build.0 = Debug|Any CPU
		{167EB6BE-1550-4067-9512-E20B3ED197D2}.Release|Any CPU.ActiveCfg = Release|Any CPU
		{167EB6BE-1550-4067-9512-E20B3ED197D2}.Release|Any CPU.Build.0 = Release|Any CPU
		{697511EC-41ED-4B06-B22B-0285045EB0D0}.Debug|Any CPU.ActiveCfg = Debug|Any CPU
		{697511EC-41ED-4B06-B22B-0285045EB0D0}.Debug|Any CPU.Build.0 = Debug|Any CPU
		{697511EC-41ED-4B06-B22B-0285045EB0D0}.Release|Any CPU.ActiveCfg = Release|Any CPU
		{697511EC-41ED-4B06-B22B-0285045EB0D0}.Release|Any CPU.Build.0 = Release|Any CPU
		{80D3816C-DBCB-44D7-8C77-28FD5E63B697}.Debug|Any CPU.ActiveCfg = Debug|Any CPU
		{80D3816C-DBCB-44D7-8C77-28FD5E63B697}.Debug|Any CPU.Build.0 = Debug|Any CPU
		{80D3816C-DBCB-44D7-8C77-28FD5E63B697}.Release|Any CPU.ActiveCfg = Release|Any CPU
		{80D3816C-DBCB-44D7-8C77-28FD5E63B697}.Release|Any CPU.Build.0 = Release|Any CPU
		{37A1E220-2E54-4C1B-9796-BAAC3EB6152D}.Debug|Any CPU.ActiveCfg = Debug|Any CPU
		{37A1E220-2E54-4C1B-9796-BAAC3EB6152D}.Debug|Any CPU.Build.0 = Debug|Any CPU
		{37A1E220-2E54-4C1B-9796-BAAC3EB6152D}.Release|Any CPU.ActiveCfg = Release|Any CPU
		{37A1E220-2E54-4C1B-9796-BAAC3EB6152D}.Release|Any CPU.Build.0 = Release|Any CPU
		{61091C2A-D1E0-4F99-A308-E4A24611A5CB}.Debug|Any CPU.ActiveCfg = Debug|Any CPU
		{61091C2A-D1E0-4F99-A308-E4A24611A5CB}.Debug|Any CPU.Build.0 = Debug|Any CPU
		{61091C2A-D1E0-4F99-A308-E4A24611A5CB}.Release|Any CPU.ActiveCfg = Release|Any CPU
		{61091C2A-D1E0-4F99-A308-E4A24611A5CB}.Release|Any CPU.Build.0 = Release|Any CPU
		{4EBC5C8B-6377-4139-9B5A-D9C48A8456EB}.Debug|Any CPU.ActiveCfg = Debug|Any CPU
		{4EBC5C8B-6377-4139-9B5A-D9C48A8456EB}.Debug|Any CPU.Build.0 = Debug|Any CPU
		{4EBC5C8B-6377-4139-9B5A-D9C48A8456EB}.Release|Any CPU.ActiveCfg = Release|Any CPU
		{4EBC5C8B-6377-4139-9B5A-D9C48A8456EB}.Release|Any CPU.Build.0 = Release|Any CPU
	EndGlobalSection
	GlobalSection(NestedProjects) = preSolution
		{59666443-8C6B-447D-B338-37D38DBFDB72} = {D0EFDDEE-F087-4EAA-801B-609688E34647}
		{74F3BDF4-9A0A-4FDF-B04A-F2086B82335A} = {D0EFDDEE-F087-4EAA-801B-609688E34647}
		{374F1A1B-7C88-48D8-92D4-2B5505F9916A} = {D0EFDDEE-F087-4EAA-801B-609688E34647}
		{974DF876-7DD6-483E-BE26-AF67842A93D5} = {D0EFDDEE-F087-4EAA-801B-609688E34647}
		{05344705-BCD2-4260-AEAF-C2653438F4EA} = {D0EFDDEE-F087-4EAA-801B-609688E34647}
		{DE8FA5DE-AAF5-407F-934D-9AFCF604EB12} = {D0EFDDEE-F087-4EAA-801B-609688E34647}
		{DA69C604-0AEC-4F91-912D-3916C9BE8758} = {A8A531A7-E7BC-4401-8667-5F5EAF845370}
		{85C63E50-1C53-4044-B056-326558C8501C} = {A8A531A7-E7BC-4401-8667-5F5EAF845370}
		{4118FA69-6754-4E5D-9191-A59872C5A99A} = {A8A531A7-E7BC-4401-8667-5F5EAF845370}
		{ED2A708A-9998-4938-BE3B-FF784F630B45} = {A8A531A7-E7BC-4401-8667-5F5EAF845370}
		{995142A4-DAAF-4FB0-9DD9-BD0DEAD6178E} = {A8A531A7-E7BC-4401-8667-5F5EAF845370}
		{8A919289-749B-4554-B41E-F0CD0C16002B} = {A8A531A7-E7BC-4401-8667-5F5EAF845370}
		{13F6C0B8-7778-4AF5-BB8B-CE4897EA9036} = {A8A531A7-E7BC-4401-8667-5F5EAF845370}
		{213CC21C-48A3-43F7-9383-30CA50AEC694} = {A8A531A7-E7BC-4401-8667-5F5EAF845370}
		{49B7F424-6D9B-4252-8CE0-D6C4388841F9} = {A8A531A7-E7BC-4401-8667-5F5EAF845370}
		{32A1A4C8-2721-4DD4-84C3-0E6067A4D984} = {A8A531A7-E7BC-4401-8667-5F5EAF845370}
		{295021BD-03E3-4D41-BBC2-384AB81947E5} = {A8A531A7-E7BC-4401-8667-5F5EAF845370}
		{FA0D9C91-145B-4374-9A69-C30D575E6234} = {A8A531A7-E7BC-4401-8667-5F5EAF845370}
		{A34D1DA7-9713-4F83-81E6-DE5AC138FF50} = {A8A531A7-E7BC-4401-8667-5F5EAF845370}
		{64A0CD92-E943-4AE9-96D1-C06C30E5F6EE} = {A8A531A7-E7BC-4401-8667-5F5EAF845370}
		{5CFFBFC3-37B3-48D0-A5A9-E3FEE00B8D09} = {A8A531A7-E7BC-4401-8667-5F5EAF845370}
		{88F27CD8-BBC0-4E86-832B-64C222B0B9B8} = {A8A531A7-E7BC-4401-8667-5F5EAF845370}
		{1E740B5A-D770-447D-9376-8B7A432323EF} = {A8A531A7-E7BC-4401-8667-5F5EAF845370}
		{411851BA-7B0D-4B9D-8068-7510EF7B961B} = {A8A531A7-E7BC-4401-8667-5F5EAF845370}
		{8383B1D2-DA0E-4EB3-AC7E-636376750D6C} = {A8A531A7-E7BC-4401-8667-5F5EAF845370}
		{E31B37DA-4AC1-43D0-8C50-2D4C7C2B2759} = {A8A531A7-E7BC-4401-8667-5F5EAF845370}
		{387EEFB8-8959-408A-A451-935389EAC114} = {A8A531A7-E7BC-4401-8667-5F5EAF845370}
		{C27B978E-7B55-4EDC-835B-2748AB739FC6} = {A8A531A7-E7BC-4401-8667-5F5EAF845370}
		{030F4EA5-EC67-48A4-B709-80D7B8628FC7} = {A8A531A7-E7BC-4401-8667-5F5EAF845370}
		{AB074950-0444-4859-8244-2E8A4E6855FE} = {A8A531A7-E7BC-4401-8667-5F5EAF845370}
		{0FB1E8E7-1302-4F2D-91EE-4A858DC3084F} = {A8A531A7-E7BC-4401-8667-5F5EAF845370}
		{C8E82BB6-04D2-4D1D-A17D-656C32F07FE3} = {07075EFD-0BC0-4930-8376-C42D97277962}
		{50353330-004E-45AD-8D0F-D6EEF5787BCC} = {07075EFD-0BC0-4930-8376-C42D97277962}
		{548AD4EB-9D90-4FEA-8706-B6535C6904DA} = {07075EFD-0BC0-4930-8376-C42D97277962}
		{5B645AAC-4726-44EF-83F1-0362514CDC9B} = {07075EFD-0BC0-4930-8376-C42D97277962}
		{A3743ABB-2A34-4D03-8C1C-529E87E804B9} = {07075EFD-0BC0-4930-8376-C42D97277962}
		{4F069F41-C9FA-40D6-B941-FA536716C8B7} = {07075EFD-0BC0-4930-8376-C42D97277962}
		{CA14AD51-BF13-43A6-868D-0A155BDC546A} = {07075EFD-0BC0-4930-8376-C42D97277962}
		{B621DE8B-0834-4D6D-BCD4-A9070F0EEF36} = {07075EFD-0BC0-4930-8376-C42D97277962}
		{996B8627-3411-4FC2-A346-A1F8D4C66A5D} = {07075EFD-0BC0-4930-8376-C42D97277962}
		{AEDAB1F8-8E99-4C10-9651-C56F4DCD30D7} = {07075EFD-0BC0-4930-8376-C42D97277962}
		{0E785961-644B-47A5-B833-6CFB5CF3CF05} = {07075EFD-0BC0-4930-8376-C42D97277962}
		{697511EC-41ED-4B06-B22B-0285045EB0D0} = {81B35503-2F46-4306-B64D-9F5E2B9DFB1E}
		{37A1E220-2E54-4C1B-9796-BAAC3EB6152D} = {81B35503-2F46-4306-B64D-9F5E2B9DFB1E}
		{61091C2A-D1E0-4F99-A308-E4A24611A5CB} = {E15C4688-FDB6-41AD-8F01-94C8BD610CE7}
	EndGlobalSection
EndGlobal
